{
  "name": "ruankao-app",
  "version": "1.0.0",
  "lockfileVersion": 3,
  "requires": true,
  "packages": {
    "": {
      "name": "ruankao-app",
      "version": "1.0.0",
      "dependencies": {
        "@llamaindex/liteparse": "*"
      }
    },
    "node_modules/@llamaindex/liteparse": {
      "version": "2.14.3",
      "resolved": "https://registry.npmjs.org/@llamaindex/liteparse/-/liteparse-2.14.3.tgz",
      "integrity": "sha512-6gf70TDkNcu2lsYS5RAz+jl3lpwHKf8ppXyUb1PAFAF8BVW8Zg71ncvrkLMh3CYXF16kGO7p1Scymzpvmht0IQ==",
      "license": "Apache-2.0",
      "dependencies": {
        "commander": "^12.0.0"
      },
      "bin": {
        "lit": "dist/cli.js",
        "liteparse": "dist/cli.js"
      },
      "engines": {
        "node": ">=18.0.0"
      },
      "optionalDependencies": {
        "@llamaindex/liteparse-darwin-arm64": "2.14.3",
        "@llamaindex/liteparse-darwin-x64": "2.14.3",
        "@llamaindex/liteparse-linux-arm64-gnu": "2.14.3",
        "@llamaindex/liteparse-linux-x64-gnu": "2.14.3",
        "@llamaindex/liteparse-linux-x64-musl": "2.14.3",
        "@llamaindex/liteparse-win32-arm64-msvc": "2.14.3",
        "@llamaindex/liteparse-win32-x64-msvc": "2.14.3"
      }
    },
    "node_modules/@llamaindex/liteparse-darwin-arm64": {
      "version": "2.14.3",
      "resolved": "https://registry.npmjs.org/@llamaindex/liteparse-darwin-arm64/-/liteparse-darwin-arm64-2.14.3.tgz",
      "integrity": "sha512-7ZQOXqw2l5PvzB+1fPQH7COLprYHLzqGm5i851Wy2ME2+mmnxJ3d+WKfNIavMOUWur7ZfibZXcHbgxDvWf3CLw==",
      "cpu": [
        "arm64"
      ],
      "license": "Apache-2.0",
      "optional": true,
      "os": [
        "darwin"
      ]
    },
    "node_modules/@llamaindex/liteparse-darwin-x64": {
      "version": "2.14.3",
      "resolved": "https://registry.npmjs.org/@llamaindex/liteparse-darwin-x64/-/liteparse-darwin-x64-2.14.3.tgz",
      "integrity": "sha512-AUPTqFnXUX59hyQe1SaH3D6m9eYXt3v91UZR4VX9f3SFQ+VmBbqlAixCz9ROoSPH3SpQA9tQ2yUDdqEbJFNBlA==",
      "cpu": [
        "x64"
      ],
      "license": "Apache-2.0",
      "optional": true,
      "os": [
        "darwin"
      ]
    },
    "node_modules/@llamaindex/liteparse-linux-arm64-gnu": {
      "version": "2.14.3",
      "resolved": "https://registry.npmjs.org/@llamaindex/liteparse-linux-arm64-gnu/-/liteparse-linux-arm64-gnu-2.14.3.tgz",
      "integrity": "sha512-cH3disYDVroH0CMbt0PYDebZGh7RZbqteGd6wkuVbsLhAWesxpKLlW/L4cXHRDvxHN2mejW371Yn5EutP3fBOg==",
      "cpu": [
        "arm64"
      ],
      "libc": [
        "glibc"
      ],
      "license": "Apache-2.0",
      "optional": true,
      "os": [
        "linux"
      ]
    },
    "node_modules/@llamaindex/liteparse-linux-x64-gnu": {
      "version": "2.14.3",
      "resolved": "https://registry.npmjs.org/@llamaindex/liteparse-linux-x64-gnu/-/liteparse-linux-x64-gnu-2.14.3.tgz",
      "integrity": "sha512-DVJF6s8RP2Uiy/MuitQ4makPRKwG6QClvUIOssszkWsMVCoJi0DDTAhgCBElIzjZAQ02EcobtGyY3hRQzIckRQ==",
      "cpu": [
        "x64"
      ],
      "libc": [
        "glibc"
      ],
      "license": "Apache-2.0",
      "optional": true,
      "os": [
        "linux"
      ]
    },
    "node_modules/@llamaindex/liteparse-linux-x64-musl": {
      "version": "2.14.3",
      "resolved": "https://registry.npmjs.org/@llamaindex/liteparse-linux-x64-musl/-/liteparse-linux-x64-musl-2.14.3.tgz",
      "integrity": "sha512-a8qH2DuTodTWJll0Frvb6KZcgc+fwoSbCTz/w/Djg/IzaZyGBuV+ixYNxMq4/jLy/FK5om8Yg+8QJcBEvVkJtA==",
      "cpu": [
        "x64"
      ],
      "libc": [
        "musl"
      ],
      "license": "Apache-2.0",
      "optional": true,
      "os": [
        "linux"
      ]
    },
    "node_modules/@llamaindex/liteparse-win32-arm64-msvc": {
      "version": "2.14.3",
      "resolved": "https://registry.npmjs.org/@llamaindex/liteparse-win32-arm64-msvc/-/liteparse-win32-arm64-msvc-2.14.3.tgz",
      "integrity": "sha512-Vw6pocE4Cn370F04C+wuxm7LJ+YR9YVi+GT0V6EzgsFGzuKIzHgT79Iika4j/8l6wW+gbJGlM7A3w9ZnAeH4vw==",
      "cpu": [
        "arm64"
      ],
      "license": "Apache-2.0",
      "optional": true,
      "os": [
        "win32"
      ]
    },
    "node_modules/@llamaindex/liteparse-win32-x64-msvc": {
      "version": "2.14.3",
      "resolved": "https://registry.npmjs.org/@llamaindex/liteparse-win32-x64-msvc/-/liteparse-win32-x64-msvc-2.14.3.tgz",
      "integrity": "sha512-rLlXkt/v1C8e9J3yWLhbuXFKPSa4t3yqZdUrbCSpqwG/tkpLdR+FkseWDmHN7UqSLWEJA26T50WFb/YLss/rBA==",
      "cpu": [
        "x64"
      ],
      "license": "Apache-2.0",
      "optional": true,
      "os": [
        "win32"
      ]
    },
    "node_modules/commander": {
      "version": "12.1.0",
      "resolved": "https://registry.npmjs.org/commander/-/commander-12.1.0.tgz",
      "integrity": "sha512-Vw8qHK3bZM9y/P10u3Vib8o/DdkvA2OtPtZvD871QKjy74Wj1WSKFILMPRPSdUSx5RFK1arlJzEtA4PkFgnbuA==",
      "license": "MIT",
      "engines": {
        "node": ">=18"
      }
    }
  }
}
